// !$*UTF8*$!
{
	archiveVersion = 1;
	classes = {
	};
	objectVersion = 56;
	objects = {

/* Begin PBXBuildFile section */
		015E3F9EFEDF8473CB1BB271 /* Pods_to_do.framework in Frameworks */ = {isa = PBXBuildFile; fileRef = BF2A6BE8FDF0468EE7A5379E /* Pods_to_do.framework */; };
		6D36D8AD29965DE5005F4E50 /* Item.swift in Sources */ = {isa = PBXBuildFile; fileRef = 6D36D8AC29965DE5005F4E50 /* Item.swift */; };
		6D36D8AF29965DF1005F4E50 /* Category.swift in Sources */ = {isa = PBXBuildFile; fileRef = 6D36D8AE29965DF1005F4E50 /* Category.swift */; };
		6D36D8B12996831E005F4E50 /* SwipeTableViewController.swift in Sources */ = {isa = PBXBuildFile; fileRef = 6D36D8B02996831E005F4E50 /* SwipeTableViewController.swift */; };
		6DDEADD0297956930008C81A /* AppDelegate.swift in Sources */ = {isa = PBXBuildFile; fileRef = 6DDEADCF297956930008C81A /* AppDelegate.swift */; };
		6DDEADD2297956930008C81A /* SceneDelegate.swift in Sources */ = {isa = PBXBuildFile; fileRef = 6DDEADD1297956930008C81A /* SceneDelegate.swift */; };
		6DDEADD4297956940008C81A /* TodoListViewController.swift in Sources */ = {isa = PBXBuildFile; fileRef = 6DDEADD3297956930008C81A /* TodoListViewController.swift */; };
		6DDEADD7297956940008C81A /* Main.storyboard in Resources */ = {isa = PBXBuildFile; fileRef = 6DDEADD5297956940008C81A /* Main.storyboard */; };
		6DDEADD9297956970008C81A /* Assets.xcassets in Resources */ = {isa = PBXBuildFile; fileRef = 6DDEADD8297956970008C81A /* Assets.xcassets */; };
		6DDEADDC297956970008C81A /* LaunchScreen.storyboard in Resources */ = {isa = PBXBuildFile; fileRef = 6DDEADDA297956970008C81A /* LaunchScreen.storyboard */; };
		6DF10279298A8A4B001EF9D5 /* CategoryViewController.swift in Sources */ = {isa = PBXBuildFile; fileRef = 6DF10278298A8A4B001EF9D5 /* CategoryViewController.swift */; };
/* End PBXBuildFile section */

/* Begin PBXFileReference section */
		4167878DF75D69799E1BB630 /* Pods-to-do.debug.xcconfig */ = {isa = PBXFileReference; includeInIndex = 1; lastKnownFileType = text.xcconfig; name = "Pods-to-do.debug.xcconfig"; path = "Target Support Files/Pods-to-do/Pods-to-do.debug.xcconfig"; sourceTree = "<group>"; };
		6D36D8AC29965DE5005F4E50 /* Item.swift */ = {isa = PBXFileReference; lastKnownFileType = sourcecode.swift; path = Item.swift; sourceTree = "<group>"; };
		6D36D8AE29965DF1005F4E50 /* Category.swift */ = {isa = PBXFileReference; lastKnownFileType = sourcecode.swift; path = Category.swift; sourceTree = "<group>"; };
		6D36D8B02996831E005F4E50 /* SwipeTableViewController.swift */ = {isa = PBXFileReference; lastKnownFileType = sourcecode.swift; path = SwipeTableViewController.swift; sourceTree = "<group>"; };
		6DDEADCC297956930008C81A /* to-do.app */ = {isa = PBXFileReference; explicitFileType = wrapper.application; includeInIndex = 0; path = "to-do.app"; sourceTree = BUILT_PRODUCTS_DIR; };
		6DDEADCF297956930008C81A /* AppDelegate.swift */ = {isa = PBXFileReference; lastKnownFileType = sourcecode.swift; path = AppDelegate.swift; sourceTree = "<group>"; };
		6DDEADD1297956930008C81A /* SceneDelegate.swift */ = {isa = PBXFileReference; lastKnownFileType = sourcecode.swift; path = SceneDelegate.swift; sourceTree = "<group>"; };
		6DDEADD3297956930008C81A /* TodoListViewController.swift */ = {isa = PBXFileReference; lastKnownFileType = sourcecode.swift; path = TodoListViewController.swift; sourceTree = "<group>"; };
		6DDEADD6297956940008C81A /* Base */ = {isa = PBXFileReference; lastKnownFileType = file.storyboard; name = Base; path = Base.lproj/Main.storyboard; sourceTree = "<group>"; };
		6DDEADD8297956970008C81A /* Assets.xcassets */ = {isa = PBXFileReference; lastKnownFileType = folder.assetcatalog; path = Assets.xcassets; sourceTree = "<group>"; };
		6DDEADDB297956970008C81A /* Base */ = {isa = PBXFileReference; lastKnownFileType = file.storyboard; name = Base; path = Base.lproj/LaunchScreen.storyboard; sourceTree = "<group>"; };
		6DDEADDD297956970008C81A /* Info.plist */ = {isa = PBXFileReference; lastKnownFileType = text.plist.xml; path = Info.plist; sourceTree = "<group>"; };
		6DF10278298A8A4B001EF9D5 /* CategoryViewController.swift */ = {isa = PBXFileReference; lastKnownFileType = sourcecode.swift; path = CategoryViewController.swift; sourceTree = "<group>"; };
		909BCCCC264A570D962B5A38 /* Pods-to-do.release.xcconfig */ = {isa = PBXFileReference; includeInIndex = 1; lastKnownFileType = text.xcconfig; name = "Pods-to-do.release.xcconfig"; path = "Target Support Files/Pods-to-do/Pods-to-do.release.xcconfig"; sourceTree = "<group>"; };
		BF2A6BE8FDF0468EE7A5379E /* Pods_to_do.framework */ = {isa = PBXFileReference; explicitFileType = wrapper.framework; includeInIndex = 0; path = Pods_to_do.framework; sourceTree = BUILT_PRODUCTS_DIR; };
/* End PBXFileReference section */

/* Begin PBXFrameworksBuildPhase section */
		6DDEADC9297956930008C81A /* Frameworks */ = {
			isa = PBXFrameworksBuildPhase;
			buildActionMask = 2147483647;
			files = (
				015E3F9EFEDF8473CB1BB271 /* Pods_to_do.framework in Frameworks */,
			);
			runOnlyForDeploymentPostprocessing = 0;
		};
/* End PBXFrameworksBuildPhase section */

/* Begin PBXGroup section */
		0679E4206DD6AE215870E653 /* Pods */ = {
			isa = PBXGroup;
			children = (
				4167878DF75D69799E1BB630 /* Pods-to-do.debug.xcconfig */,
				909BCCCC264A570D962B5A38 /* Pods-to-do.release.xcconfig */,
			);
			path = Pods;
			sourceTree = "<group>";
		};
		6DA96BE82980043F007A133A /* Data Model */ = {
			isa = PBXGroup;
			children = (
				6D36D8AE29965DF1005F4E50 /* Category.swift */,
				6D36D8AC29965DE5005F4E50 /* Item.swift */,
			);
			path = "Data Model";
			sourceTree = "<group>";
		};
		6DA96BEB298004CE007A133A /* Controllers */ = {
			isa = PBXGroup;
			children = (
				6DF10278298A8A4B001EF9D5 /* CategoryViewController.swift */,
				6DDEADD3297956930008C81A /* TodoListViewController.swift */,
				6D36D8B02996831E005F4E50 /* SwipeTableViewController.swift */,
			);
			path = Controllers;
			sourceTree = "<group>";
		};
		6DA96BEC298004E5007A133A /* Views */ = {
			isa = PBXGroup;
			children = (
				6DDEADD5297956940008C81A /* Main.storyboard */,
			);
			path = Views;
			sourceTree = "<group>";
		};
		6DA96BED298004F0007A133A /* Supporting Files */ = {
			isa = PBXGroup;
			children = (
				6DDEADD8297956970008C81A /* Assets.xcassets */,
				6DDEADDA297956970008C81A /* LaunchScreen.storyboard */,
			);
			path = "Supporting Files";
			sourceTree = "<group>";
		};
		6DDEADC3297956930008C81A = {
			isa = PBXGroup;
			children = (
				6DDEADCE297956930008C81A /* to-do */,
				6DDEADCD297956930008C81A /* Products */,
				0679E4206DD6AE215870E653 /* Pods */,
				C94CB2CB432BBCDB8396C925 /* Frameworks */,
			);
			sourceTree = "<group>";
		};
		6DDEADCD297956930008C81A /* Products */ = {
			isa = PBXGroup;
			children = (
				6DDEADCC297956930008C81A /* to-do.app */,
			);
			name = Products;
			sourceTree = "<group>";
		};
		6DDEADCE297956930008C81A /* to-do */ = {
			isa = PBXGroup;
			children = (
				6DDEADCF297956930008C81A /* AppDelegate.swift */,
				6DDEADD1297956930008C81A /* SceneDelegate.swift */,
				6DA96BEB298004CE007A133A /* Controllers */,
				6DA96BE82980043F007A133A /* Data Model */,
				6DA96BEC298004E5007A133A /* Views */,
				6DA96BED298004F0007A133A /* Supporting Files */,
				6DDEADDD297956970008C81A /* Info.plist */,
			);
			path = "to-do";
			sourceTree = "<group>";
		};
		C94CB2CB432BBCDB8396C925 /* Frameworks */ = {
			isa = PBXGroup;
			children = (
				BF2A6BE8FDF0468EE7A5379E /* Pods_to_do.framework */,
			);
			name = Frameworks;
			sourceTree = "<group>";
		};
/* End PBXGroup section */

/* Begin PBXNativeTarget section */
		6DDEADCB297956930008C81A /* to-do */ = {
			isa = PBXNativeTarget;
			buildConfigurationList = 6DDEADE0297956970008C81A /* Build configuration list for PBXNativeTarget "to-do" */;
			buildPhases = (
				E9C55EBE5E9593CCACD0F4D5 /* [CP] Check Pods Manifest.lock */,
				6DDEADC8297956930008C81A /* Sources */,
				6DDEADC9297956930008C81A /* Frameworks */,
				6DDEADCA297956930008C81A /* Resources */,
				C69CC794E1CD1DF10DA1C7E8 /* [CP] Embed Pods Frameworks */,
			);
			buildRules = (
			);
			dependencies = (
			);
			name = "to-do";
			productName = "to-do";
			productReference = 6DDEADCC297956930008C81A /* to-do.app */;
			productType = "com.apple.product-type.application";
		};
/* End PBXNativeTarget section */

/* Begin PBXProject section */
		6DDEADC4297956930008C81A /* Project object */ = {
			isa = PBXProject;
			attributes = {
				BuildIndependentTargetsInParallel = 1;
				LastSwiftUpdateCheck = 1420;
				LastUpgradeCheck = 1420;
				TargetAttributes = {
					6DDEADCB297956930008C81A = {
						CreatedOnToolsVersion = 14.2;
					};
				};
			};
			buildConfigurationList = 6DDEADC7297956930008C81A /* Build configuration list for PBXProject "to-do" */;
			compatibilityVersion = "Xcode 14.0";
			developmentRegion = en;
			hasScannedForEncodings = 0;
			knownRegions = (
				en,
				Base,
			);
			mainGroup = 6DDEADC3297956930008C81A;
			productRefGroup = 6DDEADCD297956930008C81A /* Products */;
			projectDirPath = "";
			projectRoot = "";
			targets = (
				6DDEADCB297956930008C81A /* to-do */,
			);
		};
/* End PBXProject section */

/* Begin PBXResourcesBuildPhase section */
		6DDEADCA297956930008C81A /* Resources */ = {
			isa = PBXResourcesBuildPhase;
			buildActionMask = 2147483647;
			files = (
				6DDEADDC297956970008C81A /* LaunchScreen.storyboard in Resources */,
				6DDEADD9297956970008C81A /* Assets.xcassets in Resources */,
				6DDEADD7297956940008C81A /* Main.storyboard in Resources */,
			);
			runOnlyForDeploymentPostprocessing = 0;
		};
/* End PBXResourcesBuildPhase section */

/* Begin PBXShellScriptBuildPhase section */
		C69CC794E1CD1DF10DA1C7E8 /* [CP] Embed Pods Frameworks */ = {
			isa = PBXShellScriptBuildPhase;
			buildActionMask = 2147483647;
			files = (
			);
			inputFileListPaths = (
				"${PODS_ROOT}/Target Support Files/Pods-to-do/Pods-to-do-frameworks-${CONFIGURATION}-input-files.xcfilelist",
			);
			name = "[CP] Embed Pods Frameworks";
			outputFileListPaths = (
				"${PODS_ROOT}/Target Support Files/Pods-to-do/Pods-to-do-frameworks-${CONFIGURATION}-output-files.xcfilelist",
			);
			runOnlyForDeploymentPostprocessing = 0;
			shellPath = /bin/sh;
			shellScript = "\"${PODS_ROOT}/Target Support Files/Pods-to-do/Pods-to-do-frameworks.sh\"\n";
			showEnvVarsInLog = 0;
		};
		E9C55EBE5E9593CCACD0F4D5 /* [CP] Check Pods Manifest.lock */ = {
			isa = PBXShellScriptBuildPhase;
			buildActionMask = 2147483647;
			files = (
			);
			inputFileListPaths = (
			);
			inputPaths = (
				"${PODS_PODFILE_DIR_PATH}/Podfile.lock",
				"${PODS_ROOT}/Manifest.lock",
			);
			name = "[CP] Check Pods Manifest.lock";
			outputFileListPaths = (
			);
			outputPaths = (
				"$(DERIVED_FILE_DIR)/Pods-to-do-checkManifestLockResult.txt",
			);
			runOnlyForDeploymentPostprocessing = 0;
			shellPath = /bin/sh;
			shellScript = "diff \"${PODS_PODFILE_DIR_PATH}/Podfile.lock\" \"${PODS_ROOT}/Manifest.lock\" > /dev/null\nif [ $? != 0 ] ; then\n    # print error to STDERR\n    echo \"error: The sandbox is not in sync with the Podfile.lock. Run 'pod install' or update your CocoaPods installation.\" >&2\n    exit 1\nfi\n# This output is used by Xcode 'outputs' to avoid re-running this script phase.\necho \"SUCCESS\" > \"${SCRIPT_OUTPUT_FILE_0}\"\n";
			showEnvVarsInLog = 0;
		};
/* End PBXShellScriptBuildPhase section */

/* Begin PBXSourcesBuildPhase section */
		6DDEADC8297956930008C81A /* Sources */ = {
			isa = PBXSourcesBuildPhase;
			buildActionMask = 2147483647;
			files = (
				6DF10279298A8A4B001EF9D5 /* CategoryViewController.swift in Sources */,
				6DDEADD4297956940008C81A /* TodoListViewController.swift in Sources */,
				6DDEADD0297956930008C81A /* AppDelegate.swift in Sources */,
				6D36D8B12996831E005F4E50 /* SwipeTableViewController.swift in Sources */,
				6D36D8AD29965DE5005F4E50 /* Item.swift in Sources */,
				6DDEADD2297956930008C81A /* SceneDelegate.swift in Sources */,
				6D36D8AF29965DF1005F4E50 /* Category.swift in Sources */,
			);
			runOnlyForDeploymentPostprocessing = 0;
		};
/* End PBXSourcesBuildPhase section */

/* Begin PBXVariantGroup section */
		6DDEADD5297956940008C81A /* Main.storyboard */ = {
			isa = PBXVariantGroup;
			children = (
				6DDEADD6297956940008C81A /* Base */,
			);
			name = Main.storyboard;
			sourceTree = "<group>";
		};
		6DDEADDA297956970008C81A /* LaunchScreen.storyboard */ = {
			isa = PBXVariantGroup;
			children = (
				6DDEADDB297956970008C81A /* Base */,
			);
			name = LaunchScreen.storyboard;
			sourceTree = "<group>";
		};
/* End PBXVariantGroup section */

/* Begin XCBuildConfiguration section */
		6DDEADDE297956970008C81A /* Debug */ = {
			isa = XCBuildConfiguration;
			buildSettings = {
				ALWAYS_SEARCH_USER_PATHS = NO;
				CLANG_ANALYZER_NONNULL = YES;
				CLANG_ANALYZER_NUMBER_OBJECT_CONVERSION = YES_AGGRESSIVE;
				CLANG_CXX_LANGUAGE_STANDARD = "gnu++20";
				CLANG_ENABLE_MODULES = YES;
				CLANG_ENABLE_OBJC_ARC = YES;
				CLANG_ENABLE_OBJC_WEAK = YES;
				CLANG_WARN_BLOCK_CAPTURE_AUTORELEASING = YES;
				CLANG_WARN_BOOL_CONVERSION = YES;
				CLANG_WARN_COMMA = YES;
				CLANG_WARN_CONSTANT_CONVERSION = YES;
				CLANG_WARN_DEPRECATED_OBJC_IMPLEMENTATIONS = YES;
				CLANG_WARN_DIRECT_OBJC_ISA_USAGE = YES_ERROR;
				CLANG_WARN_DOCUMENTATION_COMMENTS = YES;
				CLANG_WARN_EMPTY_BODY = YES;
				CLANG_WARN_ENUM_CONVERSION = YES;
				CLANG_WARN_INFINITE_RECURSION = YES;
				CLANG_WARN_INT_CONVERSION = YES;
				CLANG_WARN_NON_LITERAL_NULL_CONVERSION = YES;
				CLANG_WARN_OBJC_IMPLICIT_RETAIN_SELF = YES;
				CLANG_WARN_OBJC_LITERAL_CONVERSION = YES;
				CLANG_WARN_OBJC_ROOT_CLASS = YES_ERROR;
				CLANG_WARN_QUOTED_INCLUDE_IN_FRAMEWORK_HEADER = YES;
				CLANG_WARN_RANGE_LOOP_ANALYSIS = YES;
				CLANG_WARN_STRICT_PROTOTYPES = YES;
				CLANG_WARN_SUSPICIOUS_MOVE = YES;
				CLANG_WARN_UNGUARDED_AVAILABILITY = YES_AGGRESSIVE;
				CLANG_WARN_UNREACHABLE_CODE = YES;
				CLANG_WARN__DUPLICATE_METHOD_MATCH = YES;
				COPY_PHASE_STRIP = NO;
				DEBUG_INFORMATION_FORMAT = dwarf;
				ENABLE_STRICT_OBJC_MSGSEND = YES;
				ENABLE_TESTABILITY = YES;
				GCC_C_LANGUAGE_STANDARD = gnu11;
				GCC_DYNAMIC_NO_PIC = NO;
				GCC_NO_COMMON_BLOCKS = YES;
				GCC_OPTIMIZATION_LEVEL = 0;
				GCC_PREPROCESSOR_DEFINITIONS = (
					"DEBUG=1",
					"$(inherited)",
				);
				GCC_WARN_64_TO_32_BIT_CONVERSION = YES;
				GCC_WARN_ABOUT_RETURN_TYPE = YES_ERROR;
				GCC_WARN_UNDECLARED_SELECTOR = YES;
				GCC_WARN_UNINITIALIZED_AUTOS = YES_AGGRESSIVE;
				GCC_WARN_UNUSED_FUNCTION = YES;
				GCC_WARN_UNUSED_VARIABLE = YES;
				IPHONEOS_DEPLOYMENT_TARGET = 16.2;
				MTL_ENABLE_DEBUG_INFO = INCLUDE_SOURCE;
				MTL_FAST_MATH = YES;
				ONLY_ACTIVE_ARCH = YES;
				SDKROOT = iphoneos;
				SWIFT_ACTIVE_COMPILATION_CONDITIONS = DEBUG;
				SWIFT_OPTIMIZATION_LEVEL = "-Onone";
			};
			name = Debug;
		};
		6DDEADDF297956970008C81A /* Release */ = {
			isa = XCBuildConfiguration;
			buildSettings = {
				ALWAYS_SEARCH_USER_PATHS = NO;
				CLANG_ANALYZER_NONNULL = YES;
				CLANG_ANALYZER_NUMBER_OBJECT_CONVERSION = YES_AGGRESSIVE;
				CLANG_CXX_LANGUAGE_STANDARD = "gnu++20";
				CLANG_ENABLE_MODULES = YES;
				CLANG_ENABLE_OBJC_ARC = YES;
				CLANG_ENABLE_OBJC_WEAK = YES;
				CLANG_WARN_BLOCK_CAPTURE_AUTORELEASING = YES;
				CLANG_WARN_BOOL_CONVERSION = YES;
				CLANG_WARN_COMMA = YES;
				CLANG_WARN_CONSTANT_CONVERSION = YES;
				CLANG_WARN_DEPRECATED_OBJC_IMPLEMENTATIONS = YES;
				CLANG_WARN_DIRECT_OBJC_ISA_USAGE = YES_ERROR;
				CLANG_WARN_DOCUMENTATION_COMMENTS = YES;
				CLANG_WARN_EMPTY_BODY = YES;
				CLANG_WARN_ENUM_CONVERSION = YES;
				CLANG_WARN_INFINITE_RECURSION = YES;
				CLANG_WARN_INT_CONVERSION = YES;
				CLANG_WARN_NON_LITERAL_NULL_CONVERSION = YES;
				CLANG_WARN_OBJC_IMPLICIT_RETAIN_SELF = YES;
				CLANG_WARN_OBJC_LITERAL_CONVERSION = YES;
				CLANG_WARN_OBJC_ROOT_CLASS = YES_ERROR;
				CLANG_WARN_QUOTED_INCLUDE_IN_FRAMEWORK_HEADER = YES;
				CLANG_WARN_RANGE_LOOP_ANALYSIS = YES;
				CLANG_WARN_STRICT_PROTOTYPES = YES;
				CLANG_WARN_SUSPICIOUS_MOVE = YES;
				CLANG_WARN_UNGUARDED_AVAILABILITY = YES_AGGRESSIVE;
				CLANG_WARN_UNREACHABLE_CODE = YES;
				CLANG_WARN__DUPLICATE_METHOD_MATCH = YES;
				COPY_PHASE_STRIP = NO;
				DEBUG_INFORMATION_FORMAT = "dwarf-with-dsym";
				ENABLE_NS_ASSERTIONS = NO;
				ENABLE_STRICT_OBJC_MSGSEND = YES;
				GCC_C_LANGUAGE_STANDARD = gnu11;
				GCC_NO_COMMON_BLOCKS = YES;
				GCC_WARN_64_TO_32_BIT_CONVERSION = YES;
				GCC_WARN_ABOUT_RETURN_TYPE = YES_ERROR;
				GCC_WARN_UNDECLARED_SELECTOR = YES;
				GCC_WARN_UNINITIALIZED_AUTOS = YES_AGGRESSIVE;
				GCC_WARN_UNUSED_FUNCTION = YES;
				GCC_WARN_UNUSED_VARIABLE = YES;
				IPHONEOS_DEPLOYMENT_TARGET = 16.2;
				MTL_ENABLE_DEBUG_INFO = NO;
				MTL_FAST_MATH = YES;
				SDKROOT = iphoneos;
				SWIFT_COMPILATION_MODE = wholemodule;
				SWIFT_OPTIMIZATION_LEVEL = "-O";
				VALIDATE_PRODUCT = YES;
			};
			name = Release;
		};
		6DDEADE1297956970008C81A /* Debug */ = {
			isa = XCBuildConfiguration;
			baseConfigurationReference = 4167878DF75D69799E1BB630 /* Pods-to-do.debug.xcconfig */;
			buildSettings = {
				ASSETCATALOG_COMPILER_APPICON_NAME = AppIcon;
				ASSETCATALOG_COMPILER_GLOBAL_ACCENT_COLOR_NAME = AccentColor;
				CODE_SIGN_STYLE = Automatic;
				CURRENT_PROJECT_VERSION = 1;
				DEVELOPMENT_TEAM = 6238AACFGX;
				GENERATE_INFOPLIST_FILE = YES;
				INFOPLIST_FILE = "to-do/Info.plist";
				INFOPLIST_KEY_CFBundleDisplayName = "to-do/realm";
				INFOPLIST_KEY_UIApplicationSupportsIndirectInputEvents = YES;
				INFOPLIST_KEY_UILaunchStoryboardName = LaunchScreen;
				INFOPLIST_KEY_UIMainStoryboardFile = Main;
				INFOPLIST_KEY_UISupportedInterfaceOrientations_iPad = "UIInterfaceOrientationPortrait UIInterfaceOrientationPortraitUpsideDown UIInterfaceOrientationLandscapeLeft UIInterfaceOrientationLandscapeRight";
				INFOPLIST_KEY_UISupportedInterfaceOrientations_iPhone = "UIInterfaceOrientationPortrait UIInterfaceOrientationLandscapeLeft UIInterfaceOrientationLandscapeRight";
				IPHONEOS_DEPLOYMENT_TARGET = 13.0;
				LD_RUNPATH_SEARCH_PATHS = (
					"$(inherited)",
					"@executable_path/Frameworks",
				);
				MARKETING_VERSION = 1.0;
				PRODUCT_BUNDLE_IDENTIFIER = "com.finoit.to-do-realm";
				PRODUCT_NAME = "$(TARGET_NAME)";
				SWIFT_EMIT_LOC_STRINGS = YES;
				SWIFT_VERSION = 5.0;
				TARGETED_DEVICE_FAMILY = "1,2";
			};
			name = Debug;
		};
		6DDEADE2297956970008C81A /* Release */ = {
			isa = XCBuildConfiguration;
			baseConfigurationReference = 909BCCCC264A570D962B5A38 /* Pods-to-do.release.xcconfig */;
			buildSettings = {
				ASSETCATALOG_COMPILER_APPICON_NAME = AppIcon;
				ASSETCATALOG_COMPILER_GLOBAL_ACCENT_COLOR_NAME = AccentColor;
				CODE_SIGN_STYLE = Automatic;
				CURRENT_PROJECT_VERSION = 1;
				DEVELOPMENT_TEAM = 6238AACFGX;
				GENERATE_INFOPLIST_FILE = YES;
				INFOPLIST_FILE = "to-do/Info.plist";
				INFOPLIST_KEY_CFBundleDisplayName = "to-do/realm";
				INFOPLIST_KEY_UIApplicationSupportsIndirectInputEvents = YES;
				INFOPLIST_KEY_UILaunchStoryboardName = LaunchScreen;
				INFOPLIST_KEY_UIMainStoryboardFile = Main;
				INFOPLIST_KEY_UISupportedInterfaceOrientations_iPad = "UIInterfaceOrientationPortrait UIInterfaceOrientationPortraitUpsideDown UIInterfaceOrientationLandscapeLeft UIInterfaceOrientationLandscapeRight";
				INFOPLIST_KEY_UISupportedInterfaceOrientations_iPhone = "UIInterfaceOrientationPortrait UIInterfaceOrientationLandscapeLeft UIInterfaceOrientationLandscapeRight";
				IPHONEOS_DEPLOYMENT_TARGET = 13.0;
				LD_RUNPATH_SEARCH_PATHS = (
					"$(inherited)",
					"@executable_path/Frameworks",
				);
				MARKETING_VERSION = 1.0;
				PRODUCT_BUNDLE_IDENTIFIER = "com.finoit.to-do-realm";
				PRODUCT_NAME = "$(TARGET_NAME)";
				SWIFT_EMIT_LOC_STRINGS = YES;
				SWIFT_VERSION = 5.0;
				TARGETED_DEVICE_FAMILY = "1,2";
			};
			name = Release;
		};
/* End XCBuildConfiguration section */

/* Begin XCConfigurationList section */
		6DDEADC7297956930008C81A /* Build configuration list for PBXProject "to-do" */ = {
			isa = XCConfigurationList;
			buildConfigurations = (
				6DDEADDE297956970008C81A /* Debug */,
				6DDEADDF297956970008C81A /* Release */,
			);
			defaultConfigurationIsVisible = 0;
			defaultConfigurationName = Release;
		};
		6DDEADE0297956970008C81A /* Build configuration list for PBXNativeTarget "to-do" */ = {
			isa = XCConfigurationList;
			buildConfigurations = (
				6DDEADE1297956970008C81A /* Debug */,
				6DDEADE2297956970008C81A /* Release */,
			);
			defaultConfigurationIsVisible = 0;
			defaultConfigurationName = Release;
		};
/* End XCConfigurationList section */
	};
	rootObject = 6DDEADC4297956930008C81A /* Project object */;
}
